
Microsoft Visual Studio Solution File, Format Version 12.00
# Visual Studio Version 17
VisualStudioVersion = 17.9.34310.174
MinimumVisualStudioVersion = 10.0.40219.1
Project("{FAE04EC0-301F-11D3-BF4B-00C04F79EFBC}") = "ue_FDI_IDOReplicationRules_ECA", "ue_FDI_IDOReplicationRules_ECA\ue_FDI_IDOReplicationRules_ECA.csproj", "{37EB2A3E-A8B1-4D5F-A52D-FAF6E7EC8B27}"
EndProject
Global
	GlobalSection(SolutionConfigurationPlatforms) = preSolution
		Debug|Any CPU = Debug|Any CPU
		Release|Any CPU = Release|Any CPU
	EndGlobalSection
	GlobalSection(ProjectConfigurationPlatforms) = postSolution
		{37EB2A3E-A8B1-4D5F-A52D-FAF6E7EC8B27}.Debug|Any CPU.ActiveCfg = Debug|Any CPU
		{37EB2A3E-A8B1-4D5F-A52D-FAF6E7EC8B27}.Debug|Any CPU.Build.0 = Debug|Any CPU
		{37EB2A3E-A8B1-4D5F-A52D-FAF6E7EC8B27}.Release|Any CPU.ActiveCfg = Release|Any CPU
		{37EB2A3E-A8B1-4D5F-A52D-FAF6E7EC8B27}.Release|Any CPU.Build.0 = Release|Any CPU
	EndGlobalSection
	GlobalSection(SolutionProperties) = preSolution
		HideSolutionNode = FALSE
	EndGlobalSection
	GlobalSection(ExtensibilityGlobals) = postSolution
		SolutionGuid = {685D5092-3243-4672-9F25-1496E765CF6F}
	EndGlobalSection
EndGlobal
